
Microsoft Visual Studio Solution File, Format Version 12.00
# Visual Studio Version 17
VisualStudioVersion = 17.0.32014.148
MinimumVisualStudioVersion = 10.0.40219.1
Project("{FAE04EC0-301F-11D3-BF4B-00C04F79EFBC}") = "MusicDatabaseRedux", "MusicDatabaseRedux\MusicDatabaseRedux.csproj", "{B2723270-13B8-41A6-9023-243B90241677}"
EndProject
Global
	GlobalSection(SolutionConfigurationPlatforms) = preSolution
		Debug|Any CPU = Debug|Any CPU
		Release|Any CPU = Release|Any CPU
	EndGlobalSection
	GlobalSection(ProjectConfigurationPlatforms) = postSolution
		{B2723270-13B8-41A6-9023-243B90241677}.Debug|Any CPU.ActiveCfg = Debug|Any CPU
		{B2723270-13B8-41A6-9023-243B90241677}.Debug|Any CPU.Build.0 = Debug|Any CPU
		{B2723270-13B8-41A6-9023-243B90241677}.Release|Any CPU.ActiveCfg = Release|Any CPU
		{B2723270-13B8-41A6-9023-243B90241677}.Release|Any CPU.Build.0 = Release|Any CPU
	EndGlobalSection
	GlobalSection(SolutionProperties) = preSolution
		HideSolutionNode = FALSE
	EndGlobalSection
	GlobalSection(ExtensibilityGlobals) = postSolution
		SolutionGuid = {4A68135E-6B8D-4578-8B92-CE2DAAA468C1}
	EndGlobalSection
EndGlobal
